
Microsoft Visual Studio Solution File, Format Version 12.00
# Visual Studio Version 17
VisualStudioVersion = 17.2.32616.157
MinimumVisualStudioVersion = 10.0.40219.1
Project("{FAE04EC0-301F-11D3-BF4B-00C04F79EFBC}") = "aula 31", "aula 31\aula 31.csproj", "{7EE55643-C08F-47FA-9D51-DCDE4B3AE43E}"
EndProject
Global
	GlobalSection(SolutionConfigurationPlatforms) = preSolution
		Debug|Any CPU = Debug|Any CPU
		Release|Any CPU = Release|Any CPU
	EndGlobalSection
	GlobalSection(ProjectConfigurationPlatforms) = postSolution
		{7EE55643-C08F-47FA-9D51-DCDE4B3AE43E}.Debug|Any CPU.ActiveCfg = Debug|Any CPU
		{7EE55643-C08F-47FA-9D51-DCDE4B3AE43E}.Debug|Any CPU.Build.0 = Debug|Any CPU
		{7EE55643-C08F-47FA-9D51-DCDE4B3AE43E}.Release|Any CPU.ActiveCfg = Release|Any CPU
		{7EE55643-C08F-47FA-9D51-DCDE4B3AE43E}.Release|Any CPU.Build.0 = Release|Any CPU
	EndGlobalSection
	GlobalSection(SolutionProperties) = preSolution
		HideSolutionNode = FALSE
	EndGlobalSection
	GlobalSection(ExtensibilityGlobals) = postSolution
		SolutionGuid = {BCD4D818-623D-4911-B533-9C5E91A231B6}
	EndGlobalSection
EndGlobal
